
Microsoft Visual Studio Solution File, Format Version 12.00
# Visual Studio Version 17
VisualStudioVersion = 17.2.32630.192
MinimumVisualStudioVersion = 10.0.40219.1
Project("{9A19103F-16F7-4668-BE54-9A1E7A4F7556}") = "web1", "web1\web1.csproj", "{C6E9FC0A-3DD6-464C-A396-B8D9F56CA521}"
EndProject
Project("{FAE04EC0-301F-11D3-BF4B-00C04F79EFBC}") = "web2", "web2\web2.csproj", "{34EFC355-F648-4B0B-9DCA-FC5A8112A061}"
EndProject
Global
	GlobalSection(SolutionConfigurationPlatforms) = preSolution
		Debug|Any CPU = Debug|Any CPU
		Release|Any CPU = Release|Any CPU
	EndGlobalSection
	GlobalSection(ProjectConfigurationPlatforms) = postSolution
		{C6E9FC0A-3DD6-464C-A396-B8D9F56CA521}.Debug|Any CPU.ActiveCfg = Debug|Any CPU
		{C6E9FC0A-3DD6-464C-A396-B8D9F56CA521}.Debug|Any CPU.Build.0 = Debug|Any CPU
		{C6E9FC0A-3DD6-464C-A396-B8D9F56CA521}.Release|Any CPU.ActiveCfg = Release|Any CPU
		{C6E9FC0A-3DD6-464C-A396-B8D9F56CA521}.Release|Any CPU.Build.0 = Release|Any CPU
		{34EFC355-F648-4B0B-9DCA-FC5A8112A061}.Debug|Any CPU.ActiveCfg = Debug|Any CPU
		{34EFC355-F648-4B0B-9DCA-FC5A8112A061}.Debug|Any CPU.Build.0 = Debug|Any CPU
		{34EFC355-F648-4B0B-9DCA-FC5A8112A061}.Release|Any CPU.ActiveCfg = Release|Any CPU
		{34EFC355-F648-4B0B-9DCA-FC5A8112A061}.Release|Any CPU.Build.0 = Release|Any CPU
	EndGlobalSection
	GlobalSection(SolutionProperties) = preSolution
		HideSolutionNode = FALSE
	EndGlobalSection
	GlobalSection(ExtensibilityGlobals) = postSolution
		SolutionGuid = {C9E609AA-10E6-401D-B475-BF467A190549}
	EndGlobalSection
EndGlobal
